
Microsoft Visual Studio Solution File, Format Version 12.00
# Visual Studio Version 17
VisualStudioVersion = 17.0.31717.71
MinimumVisualStudioVersion = 10.0.40219.1
Project("{FAE04EC0-301F-11D3-BF4B-00C04F79EFBC}") = "Lab_17", "Lab_17.csproj", "{D4BFA264-9F02-456C-8C78-7B459A810647}"
EndProject
Global
	GlobalSection(SolutionConfigurationPlatforms) = preSolution
		Debug|Any CPU = Debug|Any CPU
		Release|Any CPU = Release|Any CPU
	EndGlobalSection
	GlobalSection(ProjectConfigurationPlatforms) = postSolution
		{D4BFA264-9F02-456C-8C78-7B459A810647}.Debug|Any CPU.ActiveCfg = Debug|Any CPU
		{D4BFA264-9F02-456C-8C78-7B459A810647}.Debug|Any CPU.Build.0 = Debug|Any CPU
		{D4BFA264-9F02-456C-8C78-7B459A810647}.Release|Any CPU.ActiveCfg = Release|Any CPU
		{D4BFA264-9F02-456C-8C78-7B459A810647}.Release|Any CPU.Build.0 = Release|Any CPU
	EndGlobalSection
	GlobalSection(SolutionProperties) = preSolution
		HideSolutionNode = FALSE
	EndGlobalSection
	GlobalSection(ExtensibilityGlobals) = postSolution
		SolutionGuid = {78B9CB95-8892-4067-9C30-6EAF5DC68B0A}
	EndGlobalSection
EndGlobal
