
Microsoft Visual Studio Solution File, Format Version 12.00
# Visual Studio Version 17
VisualStudioVersion = 17.0.31717.71
MinimumVisualStudioVersion = 10.0.40219.1
Project("{FAE04EC0-301F-11D3-BF4B-00C04F79EFBC}") = "Lab_18", "Lab_18.csproj", "{19CBFF45-FC17-459B-8A99-3A97ED4DB475}"
EndProject
Global
	GlobalSection(SolutionConfigurationPlatforms) = preSolution
		Debug|Any CPU = Debug|Any CPU
		Release|Any CPU = Release|Any CPU
	EndGlobalSection
	GlobalSection(ProjectConfigurationPlatforms) = postSolution
		{19CBFF45-FC17-459B-8A99-3A97ED4DB475}.Debug|Any CPU.ActiveCfg = Debug|Any CPU
		{19CBFF45-FC17-459B-8A99-3A97ED4DB475}.Debug|Any CPU.Build.0 = Debug|Any CPU
		{19CBFF45-FC17-459B-8A99-3A97ED4DB475}.Release|Any CPU.ActiveCfg = Release|Any CPU
		{19CBFF45-FC17-459B-8A99-3A97ED4DB475}.Release|Any CPU.Build.0 = Release|Any CPU
	EndGlobalSection
	GlobalSection(SolutionProperties) = preSolution
		HideSolutionNode = FALSE
	EndGlobalSection
	GlobalSection(ExtensibilityGlobals) = postSolution
		SolutionGuid = {2301094C-4C90-4273-AF1E-408E41493BDF}
	EndGlobalSection
EndGlobal
