
Microsoft Visual Studio Solution File, Format Version 12.00
# Visual Studio Version 17
VisualStudioVersion = 17.0.31717.71
MinimumVisualStudioVersion = 10.0.40219.1
Project("{FAE04EC0-301F-11D3-BF4B-00C04F79EFBC}") = "Lab13_2", "Lab13_2.csproj", "{12D103C9-359F-4DED-AB25-07027A6351E3}"
EndProject
Global
	GlobalSection(SolutionConfigurationPlatforms) = preSolution
		Debug|Any CPU = Debug|Any CPU
		Release|Any CPU = Release|Any CPU
	EndGlobalSection
	GlobalSection(ProjectConfigurationPlatforms) = postSolution
		{12D103C9-359F-4DED-AB25-07027A6351E3}.Debug|Any CPU.ActiveCfg = Debug|Any CPU
		{12D103C9-359F-4DED-AB25-07027A6351E3}.Debug|Any CPU.Build.0 = Debug|Any CPU
		{12D103C9-359F-4DED-AB25-07027A6351E3}.Release|Any CPU.ActiveCfg = Release|Any CPU
		{12D103C9-359F-4DED-AB25-07027A6351E3}.Release|Any CPU.Build.0 = Release|Any CPU
	EndGlobalSection
	GlobalSection(SolutionProperties) = preSolution
		HideSolutionNode = FALSE
	EndGlobalSection
	GlobalSection(ExtensibilityGlobals) = postSolution
		SolutionGuid = {DE5B3972-CD72-429A-8BC1-954E14B90C00}
	EndGlobalSection
EndGlobal
